
Microsoft Visual Studio Solution File, Format Version 12.00
Project("{FAE04EC0-301F-11D3-BF4B-00C04F79EFBC}") = "01-CQRS-without-event-sourcing", "01-CQRS-without-event-sourcing\01-CQRS-without-event-sourcing.csproj", "{584F799E-3025-4C2C-841D-436A84EE9E04}"
EndProject
Project("{FAE04EC0-301F-11D3-BF4B-00C04F79EFBC}") = "02-CQRS-with-event-sourcing", "02-CQRS-with-event-sourcing\02-CQRS-with-event-sourcing.csproj", "{13705B20-E247-4004-AACC-A58B1DF302B0}"
EndProject
Project("{FAE04EC0-301F-11D3-BF4B-00C04F79EFBC}") = "03-CQRS-with-event-sourcing-and-storage", "03-CQRS-with-event-sourcing-and-storage\03-CQRS-with-event-sourcing-and-storage.csproj", "{45823207-9BAE-4E01-AE77-EF32FDCDC6E2}"
EndProject
Global
	GlobalSection(SolutionConfigurationPlatforms) = preSolution
		Debug|Any CPU = Debug|Any CPU
		Release|Any CPU = Release|Any CPU
	EndGlobalSection
	GlobalSection(ProjectConfigurationPlatforms) = postSolution
		{584F799E-3025-4C2C-841D-436A84EE9E04}.Debug|Any CPU.ActiveCfg = Debug|Any CPU
		{584F799E-3025-4C2C-841D-436A84EE9E04}.Debug|Any CPU.Build.0 = Debug|Any CPU
		{584F799E-3025-4C2C-841D-436A84EE9E04}.Release|Any CPU.ActiveCfg = Release|Any CPU
		{584F799E-3025-4C2C-841D-436A84EE9E04}.Release|Any CPU.Build.0 = Release|Any CPU
		{13705B20-E247-4004-AACC-A58B1DF302B0}.Debug|Any CPU.ActiveCfg = Debug|Any CPU
		{13705B20-E247-4004-AACC-A58B1DF302B0}.Debug|Any CPU.Build.0 = Debug|Any CPU
		{13705B20-E247-4004-AACC-A58B1DF302B0}.Release|Any CPU.ActiveCfg = Release|Any CPU
		{13705B20-E247-4004-AACC-A58B1DF302B0}.Release|Any CPU.Build.0 = Release|Any CPU
		{45823207-9BAE-4E01-AE77-EF32FDCDC6E2}.Debug|Any CPU.ActiveCfg = Debug|Any CPU
		{45823207-9BAE-4E01-AE77-EF32FDCDC6E2}.Debug|Any CPU.Build.0 = Debug|Any CPU
		{45823207-9BAE-4E01-AE77-EF32FDCDC6E2}.Release|Any CPU.ActiveCfg = Release|Any CPU
		{45823207-9BAE-4E01-AE77-EF32FDCDC6E2}.Release|Any CPU.Build.0 = Release|Any CPU
	EndGlobalSection
EndGlobal
